// !$*UTF8*$!
{
	archiveVersion = 1;
	classes = {
	};
	objectVersion = 56;
	objects = {

/* Begin PBXBuildFile section */
		29F3EC35609A400CA695341E /* Assets.xcassets in Resources */ = {isa = PBXBuildFile; fileRef = F9DAF068A49B427E80F0B47B /* Assets.xcassets */; };
		4948F7D6A33242599E71CEA4 /* AboutView.swift in Sources */ = {isa = PBXBuildFile; fileRef = D4D1A1CE6F624945A6C9FA4B /* AboutView.swift */; };
		4AFA5D9CCB194D418C4B5C35 /* ColorPickerSheet.swift in Sources */ = {isa = PBXBuildFile; fileRef = 568DA7B527E545FEAAD852CB /* ColorPickerSheet.swift */; };
		614CBAC906BE44CEBC3E7C9F /* TimeFormatting.swift in Sources */ = {isa = PBXBuildFile; fileRef = E8A5F7097CB94484A6227727 /* TimeFormatting.swift */; };
		633FB27FC26F4853929692DD /* MainTabView.swift in Sources */ = {isa = PBXBuildFile; fileRef = F5B7D0ED0DA64F7F9593D205 /* MainTabView.swift */; };
		802DB41A85284F23B09CFB24 /* MeepleShape.swift in Sources */ = {isa = PBXBuildFile; fileRef = BE4977E98D1E4610B2149F28 /* MeepleShape.swift */; };
		89848688976E4425A6E70EA4 /* TimerHomeView.swift in Sources */ = {isa = PBXBuildFile; fileRef = 870CC07504E9462AA31A941A /* TimerHomeView.swift */; };
		8A7E05D18F8843F8A7907858 /* TimerGameViewModel.swift in Sources */ = {isa = PBXBuildFile; fileRef = EBCAF26F6F544A989DB63B76 /* TimerGameViewModel.swift */; };
		8F62D68CAFF04B349C495849 /* ResultsView.swift in Sources */ = {isa = PBXBuildFile; fileRef = 630D2C471F5B4155B89260E5 /* ResultsView.swift */; };
		921C0637101444E3B9C76E98 /* MeeplePalette.swift in Sources */ = {isa = PBXBuildFile; fileRef = B6353232FF114C429BDCA411 /* MeeplePalette.swift */; };
		A5333969EB734350A088B86D /* SettingsView.swift in Sources */ = {isa = PBXBuildFile; fileRef = B7E552DC0E1E451E905E99F5 /* SettingsView.swift */; };
		AD68591B7CEA411594055780 /* TimerActiveView.swift in Sources */ = {isa = PBXBuildFile; fileRef = CB2A1858327C4034A78EDC64 /* TimerActiveView.swift */; };
		ADBA00DB03144012BCE14260 /* SplashScreenView.swift in Sources */ = {isa = PBXBuildFile; fileRef = 0776CDAEA6B8452DACC5AB0C /* SplashScreenView.swift */; };
		C12919515E8E4780B8601781 /* StatisticsView.swift in Sources */ = {isa = PBXBuildFile; fileRef = 825315E17333406ABD6AE80B /* StatisticsView.swift */; };
		C7E675BB92664C4398562674 /* PlayerSetupView.swift in Sources */ = {isa = PBXBuildFile; fileRef = 99E609F4D29C45F8BE82D6A4 /* PlayerSetupView.swift */; };
		DE18F06FB69C4F0C81B238E9 /* BoardGameTimerApp.swift in Sources */ = {isa = PBXBuildFile; fileRef = 0B0A07ABE75A43F6BAE0891B /* BoardGameTimerApp.swift */; };
		E6AE69CAE0CA4442A9F04E9D /* GameRecord.swift in Sources */ = {isa = PBXBuildFile; fileRef = 765D866FAAAB442B9CB94BA6 /* GameRecord.swift */; };
		E70CCF9E94A1425BA6CD4636 /* GameSetupDraft.swift in Sources */ = {isa = PBXBuildFile; fileRef = B60663A741974A7C9A4EB953 /* GameSetupDraft.swift */; };
/* End PBXBuildFile section */

/* Begin PBXFileReference section */
		0776CDAEA6B8452DACC5AB0C /* SplashScreenView.swift */ = {isa = PBXFileReference; lastKnownFileType = sourcecode.swift; path = SplashScreenView.swift; sourceTree = "<group>"; };
		0B0A07ABE75A43F6BAE0891B /* BoardGameTimerApp.swift */ = {isa = PBXFileReference; lastKnownFileType = sourcecode.swift; path = BoardGameTimerApp.swift; sourceTree = "<group>"; };
		568DA7B527E545FEAAD852CB /* ColorPickerSheet.swift */ = {isa = PBXFileReference; lastKnownFileType = sourcecode.swift; path = ColorPickerSheet.swift; sourceTree = "<group>"; };
		630D2C471F5B4155B89260E5 /* ResultsView.swift */ = {isa = PBXFileReference; lastKnownFileType = sourcecode.swift; path = ResultsView.swift; sourceTree = "<group>"; };
		765D866FAAAB442B9CB94BA6 /* GameRecord.swift */ = {isa = PBXFileReference; lastKnownFileType = sourcecode.swift; path = GameRecord.swift; sourceTree = "<group>"; };
		825315E17333406ABD6AE80B /* StatisticsView.swift */ = {isa = PBXFileReference; lastKnownFileType = sourcecode.swift; path = StatisticsView.swift; sourceTree = "<group>"; };
		870CC07504E9462AA31A941A /* TimerHomeView.swift */ = {isa = PBXFileReference; lastKnownFileType = sourcecode.swift; path = TimerHomeView.swift; sourceTree = "<group>"; };
		99E609F4D29C45F8BE82D6A4 /* PlayerSetupView.swift */ = {isa = PBXFileReference; lastKnownFileType = sourcecode.swift; path = PlayerSetupView.swift; sourceTree = "<group>"; };
		B60663A741974A7C9A4EB953 /* GameSetupDraft.swift */ = {isa = PBXFileReference; lastKnownFileType = sourcecode.swift; path = GameSetupDraft.swift; sourceTree = "<group>"; };
		B6353232FF114C429BDCA411 /* MeeplePalette.swift */ = {isa = PBXFileReference; lastKnownFileType = sourcecode.swift; path = MeeplePalette.swift; sourceTree = "<group>"; };
		B7E552DC0E1E451E905E99F5 /* SettingsView.swift */ = {isa = PBXFileReference; lastKnownFileType = sourcecode.swift; path = SettingsView.swift; sourceTree = "<group>"; };
		BE4977E98D1E4610B2149F28 /* MeepleShape.swift */ = {isa = PBXFileReference; lastKnownFileType = sourcecode.swift; path = MeepleShape.swift; sourceTree = "<group>"; };
		CB2A1858327C4034A78EDC64 /* TimerActiveView.swift */ = {isa = PBXFileReference; lastKnownFileType = sourcecode.swift; path = TimerActiveView.swift; sourceTree = "<group>"; };
		D4D1A1CE6F624945A6C9FA4B /* AboutView.swift */ = {isa = PBXFileReference; lastKnownFileType = sourcecode.swift; path = AboutView.swift; sourceTree = "<group>"; };
		D86E18473D72486A96F05A62 /* BoardGameTimer.app */ = {isa = PBXFileReference; explicitFileType = wrapper.application; includeInIndex = 0; path = BoardGameTimer.app; sourceTree = BUILT_PRODUCTS_DIR; };
		E8A5F7097CB94484A6227727 /* TimeFormatting.swift */ = {isa = PBXFileReference; lastKnownFileType = sourcecode.swift; path = TimeFormatting.swift; sourceTree = "<group>"; };
		EBCAF26F6F544A989DB63B76 /* TimerGameViewModel.swift */ = {isa = PBXFileReference; lastKnownFileType = sourcecode.swift; path = TimerGameViewModel.swift; sourceTree = "<group>"; };
		F5B7D0ED0DA64F7F9593D205 /* MainTabView.swift */ = {isa = PBXFileReference; lastKnownFileType = sourcecode.swift; path = MainTabView.swift; sourceTree = "<group>"; };
		F9DAF068A49B427E80F0B47B /* Assets.xcassets */ = {isa = PBXFileReference; lastKnownFileType = folder.assetcatalog; path = Assets.xcassets; sourceTree = "<group>"; };
		FE1549474DA74002803F48C9 /* Preview Assets.xcassets */ = {isa = PBXFileReference; lastKnownFileType = folder.assetcatalog; path = "Preview Assets.xcassets"; sourceTree = "<group>"; };
/* End PBXFileReference section */

/* Begin PBXFrameworksBuildPhase section */
		DDD1AA308F924852AF588E8E /* Frameworks */ = {
			isa = PBXFrameworksBuildPhase;
			buildActionMask = 2147483647;
			files = (
			);
			runOnlyForDeploymentPostprocessing = 0;
		};
/* End PBXFrameworksBuildPhase section */

/* Begin PBXGroup section */
		010EC3CF75A94B2CA8EE0501 /* Utilities */ = {
			isa = PBXGroup;
			children = (
				E8A5F7097CB94484A6227727 /* TimeFormatting.swift */,
			);
			path = Utilities;
			sourceTree = "<group>";
		};
		15AF4508BD4B4649A85C9A79 /* Products */ = {
			isa = PBXGroup;
			children = (
				D86E18473D72486A96F05A62 /* BoardGameTimer.app */,
			);
			name = Products;
			sourceTree = "<group>";
		};
		18C466D2C4F24DBAA3F839EA /* Setup */ = {
			isa = PBXGroup;
			children = (
				99E609F4D29C45F8BE82D6A4 /* PlayerSetupView.swift */,
				568DA7B527E545FEAAD852CB /* ColorPickerSheet.swift */,
			);
			path = Setup;
			sourceTree = "<group>";
		};
		3294387138F9437BA69C867E /* Stats */ = {
			isa = PBXGroup;
			children = (
				825315E17333406ABD6AE80B /* StatisticsView.swift */,
			);
			path = Stats;
			sourceTree = "<group>";
		};
		3309DEDDDA0E40BBB94AB3C1 /* BoardGameTimer */ = {
			isa = PBXGroup;
			children = (
				0B0A07ABE75A43F6BAE0891B /* BoardGameTimerApp.swift */,
				E5AF0B9125AC47D7A01EE817 /* Models */,
				010EC3CF75A94B2CA8EE0501 /* Utilities */,
				CDBA523FDD9041CABBA30886 /* ViewModels */,
				802049FB1FB341E7B0E469C4 /* Views */,
				F9DAF068A49B427E80F0B47B /* Assets.xcassets */,
				E8F6EBDE96094F3785A73A77 /* Preview Content */,
			);
			path = BoardGameTimer;
			sourceTree = "<group>";
		};
		3E15435761A24A0E8EB90151 /* ActiveGame */ = {
			isa = PBXGroup;
			children = (
				CB2A1858327C4034A78EDC64 /* TimerActiveView.swift */,
			);
			path = ActiveGame;
			sourceTree = "<group>";
		};
		3FACCA742DEB4583AA53D572 /* Settings */ = {
			isa = PBXGroup;
			children = (
				B7E552DC0E1E451E905E99F5 /* SettingsView.swift */,
			);
			path = Settings;
			sourceTree = "<group>";
		};
		431F5D352C9A40A4BF9AC26A = {
			isa = PBXGroup;
			children = (
				3309DEDDDA0E40BBB94AB3C1 /* BoardGameTimer */,
				15AF4508BD4B4649A85C9A79 /* Products */,
			);
			sourceTree = "<group>";
		};
		802049FB1FB341E7B0E469C4 /* Views */ = {
			isa = PBXGroup;
			children = (
				FDE3B011F503492BA14C1468 /* Splash */,
				95CC1650AA6149058E0DC5F4 /* Home */,
				18C466D2C4F24DBAA3F839EA /* Setup */,
				3E15435761A24A0E8EB90151 /* ActiveGame */,
				8A275C848EB84FFF9FAF847E /* Results */,
				3294387138F9437BA69C867E /* Stats */,
				3FACCA742DEB4583AA53D572 /* Settings */,
				8984B3217D824ACE919A146F /* About */,
				F5B7D0ED0DA64F7F9593D205 /* MainTabView.swift */,
			);
			path = Views;
			sourceTree = "<group>";
		};
		8984B3217D824ACE919A146F /* About */ = {
			isa = PBXGroup;
			children = (
				D4D1A1CE6F624945A6C9FA4B /* AboutView.swift */,
			);
			path = About;
			sourceTree = "<group>";
		};
		8A275C848EB84FFF9FAF847E /* Results */ = {
			isa = PBXGroup;
			children = (
				630D2C471F5B4155B89260E5 /* ResultsView.swift */,
			);
			path = Results;
			sourceTree = "<group>";
		};
		95CC1650AA6149058E0DC5F4 /* Home */ = {
			isa = PBXGroup;
			children = (
				870CC07504E9462AA31A941A /* TimerHomeView.swift */,
			);
			path = Home;
			sourceTree = "<group>";
		};
		CDBA523FDD9041CABBA30886 /* ViewModels */ = {
			isa = PBXGroup;
			children = (
				EBCAF26F6F544A989DB63B76 /* TimerGameViewModel.swift */,
			);
			path = ViewModels;
			sourceTree = "<group>";
		};
		E5AF0B9125AC47D7A01EE817 /* Models */ = {
			isa = PBXGroup;
			children = (
				B6353232FF114C429BDCA411 /* MeeplePalette.swift */,
				BE4977E98D1E4610B2149F28 /* MeepleShape.swift */,
				765D866FAAAB442B9CB94BA6 /* GameRecord.swift */,
				B60663A741974A7C9A4EB953 /* GameSetupDraft.swift */,
			);
			path = Models;
			sourceTree = "<group>";
		};
		E8F6EBDE96094F3785A73A77 /* Preview Content */ = {
			isa = PBXGroup;
			children = (
				FE1549474DA74002803F48C9 /* Preview Assets.xcassets */,
			);
			path = "Preview Content";
			sourceTree = "<group>";
		};
		FDE3B011F503492BA14C1468 /* Splash */ = {
			isa = PBXGroup;
			children = (
				0776CDAEA6B8452DACC5AB0C /* SplashScreenView.swift */,
			);
			path = Splash;
			sourceTree = "<group>";
		};
/* End PBXGroup section */

/* Begin PBXNativeTarget section */
		0D6BB7A68A4040FAAE872830 /* BoardGameTimer */ = {
			isa = PBXNativeTarget;
			buildConfigurationList = 8A75117FC4654791B451A049 /* Build configuration list for PBXNativeTarget "BoardGameTimer" */;
			buildPhases = (
				A4603D0386CD45978C258516 /* Sources */,
				DDD1AA308F924852AF588E8E /* Frameworks */,
				8FB5D58464974B1AA70FFF1A /* Resources */,
			);
			buildRules = (
			);
			dependencies = (
			);
			name = BoardGameTimer;
			productName = BoardGameTimer;
			productReference = D86E18473D72486A96F05A62 /* BoardGameTimer.app */;
			productType = "com.apple.product-type.application";
		};
/* End PBXNativeTarget section */

/* Begin PBXProject section */
		F676A4798CBF43C29EBF880E /* Project object */ = {
			isa = PBXProject;
			attributes = {
				BuildIndependentTargetsInParallel = 1;
				LastSwiftUpdateCheck = 1620;
				LastUpgradeCheck = 1620;
				TargetAttributes = {
					0D6BB7A68A4040FAAE872830 = {
						CreatedOnToolsVersion = 16.2;
					};
				};
			};
			buildConfigurationList = 685027D088684C2295687149 /* Build configuration list for PBXProject "BoardGameTimer" */;
			compatibilityVersion = "Xcode 14.0";
			developmentRegion = en;
			hasScannedForEncodings = 0;
			knownRegions = (
				en,
				Base,
			);
			mainGroup = 431F5D352C9A40A4BF9AC26A;
			productRefGroup = 15AF4508BD4B4649A85C9A79 /* Products */;
			projectDirPath = "";
			projectRoot = "";
			targets = (
				0D6BB7A68A4040FAAE872830 /* BoardGameTimer */,
			);
		};
/* End PBXProject section */

/* Begin PBXResourcesBuildPhase section */
		8FB5D58464974B1AA70FFF1A /* Resources */ = {
			isa = PBXResourcesBuildPhase;
			buildActionMask = 2147483647;
			files = (
				29F3EC35609A400CA695341E /* Assets.xcassets in Resources */,
			);
			runOnlyForDeploymentPostprocessing = 0;
		};
/* End PBXResourcesBuildPhase section */

/* Begin PBXSourcesBuildPhase section */
		A4603D0386CD45978C258516 /* Sources */ = {
			isa = PBXSourcesBuildPhase;
			buildActionMask = 2147483647;
			files = (
				DE18F06FB69C4F0C81B238E9 /* BoardGameTimerApp.swift in Sources */,
				614CBAC906BE44CEBC3E7C9F /* TimeFormatting.swift in Sources */,
				921C0637101444E3B9C76E98 /* MeeplePalette.swift in Sources */,
				802DB41A85284F23B09CFB24 /* MeepleShape.swift in Sources */,
				E6AE69CAE0CA4442A9F04E9D /* GameRecord.swift in Sources */,
				E70CCF9E94A1425BA6CD4636 /* GameSetupDraft.swift in Sources */,
				8A7E05D18F8843F8A7907858 /* TimerGameViewModel.swift in Sources */,
				89848688976E4425A6E70EA4 /* TimerHomeView.swift in Sources */,
				C7E675BB92664C4398562674 /* PlayerSetupView.swift in Sources */,
				4AFA5D9CCB194D418C4B5C35 /* ColorPickerSheet.swift in Sources */,
				AD68591B7CEA411594055780 /* TimerActiveView.swift in Sources */,
				8F62D68CAFF04B349C495849 /* ResultsView.swift in Sources */,
				C12919515E8E4780B8601781 /* StatisticsView.swift in Sources */,
				633FB27FC26F4853929692DD /* MainTabView.swift in Sources */,
				A5333969EB734350A088B86D /* SettingsView.swift in Sources */,
				4948F7D6A33242599E71CEA4 /* AboutView.swift in Sources */,
				ADBA00DB03144012BCE14260 /* SplashScreenView.swift in Sources */,
			);
			runOnlyForDeploymentPostprocessing = 0;
		};
/* End PBXSourcesBuildPhase section */

/* Begin XCBuildConfiguration section */
		18F76901EF1D4C29AAF7612F /* Release */ = {
			isa = XCBuildConfiguration;
			buildSettings = {
				ASSETCATALOG_COMPILER_APPICON_NAME = AppIcon;
				ASSETCATALOG_COMPILER_GLOBAL_ACCENT_COLOR_NAME = AccentColor;
				CODE_SIGN_STYLE = Automatic;
				CURRENT_PROJECT_VERSION = 1;
				DEVELOPMENT_ASSET_PATHS = "\"BoardGameTimer/Preview Content\"";
				DEVELOPMENT_TEAM = 53V722Z7A4;
				ENABLE_PREVIEWS = YES;
				GENERATE_INFOPLIST_FILE = YES;
				INFOPLIST_KEY_CFBundleDisplayName = "Meeple Clock";
				INFOPLIST_KEY_LSApplicationCategoryType = "public.app-category.board-games";
				INFOPLIST_KEY_UIApplicationSceneManifest_Generation = YES;
				INFOPLIST_KEY_UILaunchScreen_Generation = YES;
				INFOPLIST_KEY_UISupportedInterfaceOrientations = "UIInterfaceOrientationPortrait UIInterfaceOrientationPortraitUpsideDown";
				IPHONEOS_DEPLOYMENT_TARGET = 17.0;
				LD_RUNPATH_SEARCH_PATHS = (
					"$(inherited)",
					"@executable_path/Frameworks",
				);
				MARKETING_VERSION = 1.0;
				PRODUCT_BUNDLE_IDENTIFIER = com.ozsoffy.boardgametimer;
				PRODUCT_NAME = "$(TARGET_NAME)";
				SWIFT_EMIT_LOC_STRINGS = YES;
				SWIFT_VERSION = 5.0;
				TARGETED_DEVICE_FAMILY = 1;
			};
			name = Release;
		};
		741C15A2B4C44457914221A3 /* Debug */ = {
			isa = XCBuildConfiguration;
			buildSettings = {
				ALWAYS_SEARCH_USER_PATHS = NO;
				ASSETCATALOG_COMPILER_GENERATE_SWIFT_ASSET_SYMBOL_EXTENSIONS = YES;
				CLANG_ANALYZER_NONNULL = YES;
				CLANG_ANALYZER_NUMBER_OBJECT_CONVERSION = YES_AGGRESSIVE;
				CLANG_CXX_LANGUAGE_STANDARD = "gnu++20";
				CLANG_ENABLE_MODULES = YES;
				CLANG_ENABLE_OBJC_ARC = YES;
				CLANG_ENABLE_OBJC_WEAK = YES;
				CLANG_WARN_BLOCK_CAPTURE_AUTORELEASING = YES;
				CLANG_WARN_BOOL_CONVERSION = YES;
				CLANG_WARN_COMMA = YES;
				CLANG_WARN_CONSTANT_CONVERSION = YES;
				CLANG_WARN_DEPRECATED_OBJC_IMPLEMENTATIONS = YES;
				CLANG_WARN_DIRECT_OBJC_ISA_USAGE = YES_ERROR;
				CLANG_WARN_DOCUMENTATION_COMMENTS = YES;
				CLANG_WARN_EMPTY_BODY = YES;
				CLANG_WARN_ENUM_CONVERSION = YES;
				CLANG_WARN_INFINITE_RECURSION = YES;
				CLANG_WARN_INT_CONVERSION = YES;
				CLANG_WARN_NON_LITERAL_NULL_CONVERSION = YES;
				CLANG_WARN_OBJC_IMPLICIT_RETAIN_SELF = YES;
				CLANG_WARN_OBJC_LITERAL_CONVERSION = YES;
				CLANG_WARN_OBJC_ROOT_CLASS = YES_ERROR;
				CLANG_WARN_QUOTED_INCLUDE_IN_FRAMEWORK_HEADER = YES;
				CLANG_WARN_RANGE_LOOP_ANALYSIS = YES;
				CLANG_WARN_STRICT_PROTOTYPES = YES;
				CLANG_WARN_SUSPICIOUS_MOVE = YES;
				CLANG_WARN_UNGUARDED_AVAILABILITY = YES_AGGRESSIVE;
				CLANG_WARN_UNREACHABLE_CODE = YES;
				CLANG_WARN__DUPLICATE_METHOD_MATCH = YES;
				COPY_PHASE_STRIP = NO;
				DEBUG_INFORMATION_FORMAT = dwarf;
				ENABLE_STRICT_OBJC_MSGSEND = YES;
				ENABLE_TESTABILITY = YES;
				GCC_C_LANGUAGE_STANDARD = gnu17;
				GCC_DYNAMIC_NO_PIC = NO;
				GCC_NO_COMMON_BLOCKS = YES;
				GCC_OPTIMIZATION_LEVEL = 0;
				GCC_PREPROCESSOR_DEFINITIONS = (
					"DEBUG=1",
					"$(inherited)",
				);
				GCC_WARN_64_TO_32_BIT_CONVERSION = YES;
				GCC_WARN_ABOUT_RETURN_TYPE = YES_ERROR;
				GCC_WARN_UNDECLARED_SELECTOR = YES;
				GCC_WARN_UNINITIALIZED_AUTOS = YES_AGGRESSIVE;
				GCC_WARN_UNUSED_FUNCTION = YES;
				GCC_WARN_UNUSED_VARIABLE = YES;
				IPHONEOS_DEPLOYMENT_TARGET = 17.0;
				MTL_ENABLE_DEBUG_INFO = INCLUDE_SOURCE;
				MTL_FAST_MATH = YES;
				ONLY_ACTIVE_ARCH = YES;
				SDKROOT = iphoneos;
				SWIFT_ACTIVE_COMPILATION_CONDITIONS = "DEBUG $(inherited)";
				SWIFT_OPTIMIZATION_LEVEL = "-Onone";
			};
			name = Debug;
		};
		8E781BB7C17C43DDB4D4CC18 /* Debug */ = {
			isa = XCBuildConfiguration;
			buildSettings = {
				ASSETCATALOG_COMPILER_APPICON_NAME = AppIcon;
				ASSETCATALOG_COMPILER_GLOBAL_ACCENT_COLOR_NAME = AccentColor;
				CODE_SIGN_STYLE = Automatic;
				CURRENT_PROJECT_VERSION = 1;
				DEVELOPMENT_ASSET_PATHS = "\"BoardGameTimer/Preview Content\"";
				DEVELOPMENT_TEAM = 53V722Z7A4;
				ENABLE_PREVIEWS = YES;
				GENERATE_INFOPLIST_FILE = YES;
				INFOPLIST_KEY_CFBundleDisplayName = "Meeple Clock";
				INFOPLIST_KEY_LSApplicationCategoryType = "public.app-category.board-games";
				INFOPLIST_KEY_UIApplicationSceneManifest_Generation = YES;
				INFOPLIST_KEY_UILaunchScreen_Generation = YES;
				INFOPLIST_KEY_UISupportedInterfaceOrientations = "UIInterfaceOrientationPortrait UIInterfaceOrientationPortraitUpsideDown";
				IPHONEOS_DEPLOYMENT_TARGET = 17.0;
				LD_RUNPATH_SEARCH_PATHS = (
					"$(inherited)",
					"@executable_path/Frameworks",
				);
				MARKETING_VERSION = 1.0;
				PRODUCT_BUNDLE_IDENTIFIER = com.ozsoffy.boardgametimer;
				PRODUCT_NAME = "$(TARGET_NAME)";
				SWIFT_EMIT_LOC_STRINGS = YES;
				SWIFT_VERSION = 5.0;
				TARGETED_DEVICE_FAMILY = 1;
			};
			name = Debug;
		};
		AFB122B8F6C14BD6BF717EC5 /* Release */ = {
			isa = XCBuildConfiguration;
			buildSettings = {
				ALWAYS_SEARCH_USER_PATHS = NO;
				ASSETCATALOG_COMPILER_GENERATE_SWIFT_ASSET_SYMBOL_EXTENSIONS = YES;
				CLANG_ANALYZER_NONNULL = YES;
				CLANG_ANALYZER_NUMBER_OBJECT_CONVERSION = YES_AGGRESSIVE;
				CLANG_CXX_LANGUAGE_STANDARD = "gnu++20";
				CLANG_ENABLE_MODULES = YES;
				CLANG_ENABLE_OBJC_ARC = YES;
				CLANG_ENABLE_OBJC_WEAK = YES;
				CLANG_WARN_BLOCK_CAPTURE_AUTORELEASING = YES;
				CLANG_WARN_BOOL_CONVERSION = YES;
				CLANG_WARN_COMMA = YES;
				CLANG_WARN_CONSTANT_CONVERSION = YES;
				CLANG_WARN_DEPRECATED_OBJC_IMPLEMENTATIONS = YES;
				CLANG_WARN_DIRECT_OBJC_ISA_USAGE = YES_ERROR;
				CLANG_WARN_DOCUMENTATION_COMMENTS = YES;
				CLANG_WARN_EMPTY_BODY = YES;
				CLANG_WARN_ENUM_CONVERSION = YES;
				CLANG_WARN_INFINITE_RECURSION = YES;
				CLANG_WARN_INT_CONVERSION = YES;
				CLANG_WARN_NON_LITERAL_NULL_CONVERSION = YES;
				CLANG_WARN_OBJC_IMPLICIT_RETAIN_SELF = YES;
				CLANG_WARN_OBJC_LITERAL_CONVERSION = YES;
				CLANG_WARN_OBJC_ROOT_CLASS = YES_ERROR;
				CLANG_WARN_QUOTED_INCLUDE_IN_FRAMEWORK_HEADER = YES;
				CLANG_WARN_RANGE_LOOP_ANALYSIS = YES;
				CLANG_WARN_STRICT_PROTOTYPES = YES;
				CLANG_WARN_SUSPICIOUS_MOVE = YES;
				CLANG_WARN_UNGUARDED_AVAILABILITY = YES_AGGRESSIVE;
				CLANG_WARN_UNREACHABLE_CODE = YES;
				CLANG_WARN__DUPLICATE_METHOD_MATCH = YES;
				COPY_PHASE_STRIP = NO;
				DEBUG_INFORMATION_FORMAT = "dwarf-with-dsym";
				ENABLE_NS_ASSERTIONS = NO;
				ENABLE_STRICT_OBJC_MSGSEND = YES;
				GCC_C_LANGUAGE_STANDARD = gnu17;
				GCC_NO_COMMON_BLOCKS = YES;
				GCC_WARN_64_TO_32_BIT_CONVERSION = YES;
				GCC_WARN_ABOUT_RETURN_TYPE = YES_ERROR;
				GCC_WARN_UNDECLARED_SELECTOR = YES;
				GCC_WARN_UNINITIALIZED_AUTOS = YES_AGGRESSIVE;
				GCC_WARN_UNUSED_FUNCTION = YES;
				GCC_WARN_UNUSED_VARIABLE = YES;
				IPHONEOS_DEPLOYMENT_TARGET = 17.0;
				MTL_ENABLE_DEBUG_INFO = NO;
				MTL_FAST_MATH = YES;
				SDKROOT = iphoneos;
				SWIFT_COMPILATION_MODE = wholemodule;
				VALIDATE_PRODUCT = YES;
			};
			name = Release;
		};
/* End XCBuildConfiguration section */

/* Begin XCConfigurationList section */
		685027D088684C2295687149 /* Build configuration list for PBXProject "BoardGameTimer" */ = {
			isa = XCConfigurationList;
			buildConfigurations = (
				741C15A2B4C44457914221A3 /* Debug */,
				AFB122B8F6C14BD6BF717EC5 /* Release */,
			);
			defaultConfigurationIsVisible = 0;
			defaultConfigurationName = Release;
		};
		8A75117FC4654791B451A049 /* Build configuration list for PBXNativeTarget "BoardGameTimer" */ = {
			isa = XCConfigurationList;
			buildConfigurations = (
				8E781BB7C17C43DDB4D4CC18 /* Debug */,
				18F76901EF1D4C29AAF7612F /* Release */,
			);
			defaultConfigurationIsVisible = 0;
			defaultConfigurationName = Release;
		};
/* End XCConfigurationList section */
	};
	rootObject = F676A4798CBF43C29EBF880E /* Project object */;
}
